
Microsoft Visual Studio Solution File, Format Version 12.00
# Visual Studio 2017
Project("{FAE04EC0-301F-11D3-BF4B-00C04F79EFBC}") = "KADUOUI", "KADUOUI.csproj", "{12163446-7991-C2E9-FC51-B82F44A2A3EA}"
EndProject
Project("{FAE04EC0-301F-11D3-BF4B-00C04F79EFBC}") = "KADUOUI.Editor", "KADUOUI.Editor.csproj", "{1F8C9401-F7BE-F267-B6B2-7F026637F326}"
EndProject
Global
	GlobalSection(SolutionConfigurationPlatforms) = preSolution
		Debug|Any CPU = Debug|Any CPU
		Release|Any CPU = Release|Any CPU
	EndGlobalSection
	GlobalSection(ProjectConfigurationPlatforms) = postSolution
		{12163446-7991-C2E9-FC51-B82F44A2A3EA}.Debug|Any CPU.ActiveCfg = Debug|Any CPU
		{12163446-7991-C2E9-FC51-B82F44A2A3EA}.Debug|Any CPU.Build.0 = Debug|Any CPU
		{12163446-7991-C2E9-FC51-B82F44A2A3EA}.Release|Any CPU.ActiveCfg = Release|Any CPU
		{12163446-7991-C2E9-FC51-B82F44A2A3EA}.Release|Any CPU.Build.0 = Release|Any CPU
		{1F8C9401-F7BE-F267-B6B2-7F026637F326}.Debug|Any CPU.ActiveCfg = Debug|Any CPU
		{1F8C9401-F7BE-F267-B6B2-7F026637F326}.Debug|Any CPU.Build.0 = Debug|Any CPU
		{1F8C9401-F7BE-F267-B6B2-7F026637F326}.Release|Any CPU.ActiveCfg = Release|Any CPU
		{1F8C9401-F7BE-F267-B6B2-7F026637F326}.Release|Any CPU.Build.0 = Release|Any CPU
	EndGlobalSection
	GlobalSection(SolutionProperties) = preSolution
		HideSolutionNode = FALSE
	EndGlobalSection
EndGlobal
